{
  "projects": [
    {
      "projectId": "seaQhLVS4bbjiGvJJrRwyL",
      "version": "15.0.3",
      "dependencies": {},
      "lang": "js",
      "fileLocks": [
        {
          "assetId": "seaQhLVS4bbjiGvJJrRwyL",
          "type": "projectCss",
          "checksum": "9345b883752a1b7fa88c203f6bc63740"
        }
      ],
      "codegenVersion": "0.0.1"
    },
    {
      "projectId": "9W67x2Pynxr9eDxjdLuGCS",
      "version": "latest",
      "dependencies": {
        "seaQhLVS4bbjiGvJJrRwyL": "15.0.3"
      },
      "lang": "js",
      "fileLocks": [
        {
          "type": "globalVariant",
          "assetId": "KCIfFDxm3xN2",
          "checksum": "f43339f9603e45697b4fbc4145b2c298"
        },
        {
          "type": "renderModule",
          "assetId": "OS9jnRN5y9p",
          "checksum": "6a93bffc3d98c9bfeb17ad98f6a2d695"
        },
        {
          "type": "cssRules",
          "assetId": "OS9jnRN5y9p",
          "checksum": "6a93bffc3d98c9bfeb17ad98f6a2d695"
        },
        {
          "type": "renderModule",
          "assetId": "mCxPr8fs96V",
          "checksum": "3316e21c2f5ece248cd2705069113c9e"
        },
        {
          "type": "cssRules",
          "assetId": "mCxPr8fs96V",
          "checksum": "3316e21c2f5ece248cd2705069113c9e"
        },
        {
          "type": "renderModule",
          "assetId": "R265Q5ctgGy",
          "checksum": "7c3d3d9c3eb2a9dc850e52edb9a1818b"
        },
        {
          "type": "cssRules",
          "assetId": "R265Q5ctgGy",
          "checksum": "7c3d3d9c3eb2a9dc850e52edb9a1818b"
        },
        {
          "type": "renderModule",
          "assetId": "15TtZ6Zo0vI",
          "checksum": "d71c28b2cb8746a949fb43a3a867af40"
        },
        {
          "type": "cssRules",
          "assetId": "15TtZ6Zo0vI",
          "checksum": "d71c28b2cb8746a949fb43a3a867af40"
        },
        {
          "type": "renderModule",
          "assetId": "VxyCfCXPu8O",
          "checksum": "fb7a91d07eea296217d61b78dae3c454"
        },
        {
          "type": "cssRules",
          "assetId": "VxyCfCXPu8O",
          "checksum": "fb7a91d07eea296217d61b78dae3c454"
        },
        {
          "type": "renderModule",
          "assetId": "EjLZdJRjcnq",
          "checksum": "95659e0374d73a539b5d03d368e37b78"
        },
        {
          "type": "cssRules",
          "assetId": "EjLZdJRjcnq",
          "checksum": "95659e0374d73a539b5d03d368e37b78"
        },
        {
          "type": "renderModule",
          "assetId": "UHonw5mKes0b",
          "checksum": "1c69d75a6a3b5b74281889d7f040f976"
        },
        {
          "type": "cssRules",
          "assetId": "UHonw5mKes0b",
          "checksum": "1c69d75a6a3b5b74281889d7f040f976"
        },
        {
          "type": "renderModule",
          "assetId": "TFmTsDcivu2W",
          "checksum": "077dd6a40b2f1ec3752ac0473564bc77"
        },
        {
          "type": "cssRules",
          "assetId": "TFmTsDcivu2W",
          "checksum": "077dd6a40b2f1ec3752ac0473564bc77"
        },
        {
          "type": "renderModule",
          "assetId": "6sPp355nJZ-s",
          "checksum": "5a16d56e004702d8a4632c29139160d0"
        },
        {
          "type": "cssRules",
          "assetId": "6sPp355nJZ-s",
          "checksum": "5a16d56e004702d8a4632c29139160d0"
        },
        {
          "type": "renderModule",
          "assetId": "drjN8EGN7rE8",
          "checksum": "c440a882989695c59c75a444344031ac"
        },
        {
          "type": "cssRules",
          "assetId": "drjN8EGN7rE8",
          "checksum": "c440a882989695c59c75a444344031ac"
        },
        {
          "type": "renderModule",
          "assetId": "oNrTx8m4mKP0",
          "checksum": "28d3fd86c6f0c81561c24bd9fb7da6dd"
        },
        {
          "type": "cssRules",
          "assetId": "oNrTx8m4mKP0",
          "checksum": "28d3fd86c6f0c81561c24bd9fb7da6dd"
        },
        {
          "type": "renderModule",
          "assetId": "r8ItMn1I9Rr2",
          "checksum": "a4ae7fd7d7c2e7b48a136c1229f54bed"
        },
        {
          "type": "cssRules",
          "assetId": "r8ItMn1I9Rr2",
          "checksum": "a4ae7fd7d7c2e7b48a136c1229f54bed"
        },
        {
          "type": "renderModule",
          "assetId": "uvD0OplvXorD",
          "checksum": "1c76debe1633fb8e5819481cbb9415dc"
        },
        {
          "type": "cssRules",
          "assetId": "uvD0OplvXorD",
          "checksum": "1c76debe1633fb8e5819481cbb9415dc"
        },
        {
          "type": "renderModule",
          "assetId": "TeEenYh07CLQ",
          "checksum": "6d865ea538896039bcb285814b681872"
        },
        {
          "type": "cssRules",
          "assetId": "TeEenYh07CLQ",
          "checksum": "6d865ea538896039bcb285814b681872"
        },
        {
          "type": "renderModule",
          "assetId": "jRx1E81mYCIy",
          "checksum": "35787dd95da81783daf20a2251788d20"
        },
        {
          "type": "cssRules",
          "assetId": "jRx1E81mYCIy",
          "checksum": "35787dd95da81783daf20a2251788d20"
        },
        {
          "type": "renderModule",
          "assetId": "b5fDbSitrgRQ",
          "checksum": "7592ac1b29b5c8c11ac0294fd48dc2c9"
        },
        {
          "type": "cssRules",
          "assetId": "b5fDbSitrgRQ",
          "checksum": "7592ac1b29b5c8c11ac0294fd48dc2c9"
        },
        {
          "type": "icon",
          "assetId": "VeC2uT8KWQf7",
          "checksum": "7ac04e77505e3d2da8456c8ee2b5ed38"
        },
        {
          "type": "icon",
          "assetId": "BmWl-acuNUPO",
          "checksum": "475531528afa98fbf90ef4301fa53877"
        },
        {
          "type": "icon",
          "assetId": "X4N2ic5_a6uK",
          "checksum": "a4345163bbc1e999a5ffe1fb748753a9"
        },
        {
          "type": "icon",
          "assetId": "e-w90-wSkVN4",
          "checksum": "764aec894bf3401343b7a33e77455eab"
        },
        {
          "type": "icon",
          "assetId": "ajsvomRNRyt5",
          "checksum": "c279f042d682cd541e3f5cc92808a273"
        },
        {
          "type": "icon",
          "assetId": "USYMyhdSTJUj",
          "checksum": "a371fc57422c66a6981e571843f0beed"
        },
        {
          "type": "icon",
          "assetId": "jl9a2ljkZbUL",
          "checksum": "7313335d5943e62de9624b2118ba9da7"
        },
        {
          "type": "icon",
          "assetId": "Xf4uM7tBiZpx",
          "checksum": "0ed445ad946adbed2179e403a47a2ef3"
        },
        {
          "type": "icon",
          "assetId": "V4XdJsnZ7qfj",
          "checksum": "1fba21bdfddc5a96b488c1d592df43a3"
        },
        {
          "type": "icon",
          "assetId": "D8AvO2dnCPR-",
          "checksum": "0394274f6f6eca629314f29630e2ec5e"
        },
        {
          "type": "icon",
          "assetId": "cpTTWtRk9MQp",
          "checksum": "c334658c39fca6a33cd28bcfb6bd9c4d"
        },
        {
          "type": "icon",
          "assetId": "wNCM0uukZ7kZ",
          "checksum": "533621d429fbb0a38e1813834fa13bd8"
        },
        {
          "type": "icon",
          "assetId": "ZHIXBU4fRCk2",
          "checksum": "f2e8f7e81a3134635ec1be15938437fc"
        },
        {
          "type": "icon",
          "assetId": "F1nfD4e8NqAk",
          "checksum": "c37a3bddd7a27b5b687181ff26d1b5cd"
        },
        {
          "type": "icon",
          "assetId": "k4l-Dm3c3qfC",
          "checksum": "824f89d570b115f8347776ae554af8a9"
        },
        {
          "type": "icon",
          "assetId": "eaPO9-Mdo-JO",
          "checksum": "816d1596ba7ebca00e48f94bc8ccddcc"
        },
        {
          "type": "icon",
          "assetId": "-oVmvg3GfjTc",
          "checksum": "90eae2c73a8e3cc7ca9cc9316b136d91"
        },
        {
          "type": "icon",
          "assetId": "1F_c2O9V7izs",
          "checksum": "7cb6ce8b9af672d55f2a3b452553b75b"
        },
        {
          "type": "icon",
          "assetId": "D8OpIgeDloI1",
          "checksum": "6dbf726e3e84affde10642e4d8691ba2"
        },
        {
          "type": "icon",
          "assetId": "18moJXKn3z0E",
          "checksum": "1afe6ee5fa6516b97500e0c785cfc071"
        },
        {
          "type": "icon",
          "assetId": "s5rl-jfrVJ0l",
          "checksum": "41108e877801afcf3f98ea69513cabb9"
        },
        {
          "type": "icon",
          "assetId": "gwsBLKJU83VD",
          "checksum": "8507e526ba67b90f68d9508b67d562b5"
        },
        {
          "type": "image",
          "assetId": "eXbLkdPrwvcR",
          "checksum": "278dea5426c65c12ce8d32cd7230b28b"
        },
        {
          "type": "image",
          "assetId": "AFOXwZNk0rkb",
          "checksum": "751f428bdfea8732d38f8f9c374d471b"
        },
        {
          "type": "image",
          "assetId": "3JlxQeiX9I6z",
          "checksum": "6955fc62b03f855b35a604a944f7f98f"
        },
        {
          "type": "image",
          "assetId": "NhotLL9Wt3Jj",
          "checksum": "d2553902504e31eb879032c20392e9fe"
        },
        {
          "type": "renderModule",
          "assetId": "oXrrIsz_4Zs",
          "checksum": "f4583e3babc0292bbdd3594bebc6a637"
        },
        {
          "type": "cssRules",
          "assetId": "oXrrIsz_4Zs",
          "checksum": "f4583e3babc0292bbdd3594bebc6a637"
        },
        {
          "type": "renderModule",
          "assetId": "lKpLQt4I320",
          "checksum": "6b729f57156a59aa5fbf2619452f9ccc"
        },
        {
          "type": "cssRules",
          "assetId": "lKpLQt4I320",
          "checksum": "6b729f57156a59aa5fbf2619452f9ccc"
        },
        {
          "type": "image",
          "assetId": "sm8XB1Z5F",
          "checksum": "f953c15d63d224af3b5d20b78bfb3eee"
        },
        {
          "type": "image",
          "assetId": "jhiYEadXl",
          "checksum": "880a7116e7bd34628ade0f7d14de78e3"
        },
        {
          "type": "image",
          "assetId": "9WME3nfXq",
          "checksum": "2e7778bc97f3a62fa9a9605074fb2b34"
        },
        {
          "type": "renderModule",
          "assetId": "IplCmomLYQN",
          "checksum": "0414493f1e4d73f4f711bb9721816612"
        },
        {
          "type": "cssRules",
          "assetId": "IplCmomLYQN",
          "checksum": "0414493f1e4d73f4f711bb9721816612"
        },
        {
          "type": "renderModule",
          "assetId": "JEcFJJ7eQKF",
          "checksum": "c7523fbb57be6423ace8f6426058a62d"
        },
        {
          "type": "cssRules",
          "assetId": "JEcFJJ7eQKF",
          "checksum": "c7523fbb57be6423ace8f6426058a62d"
        },
        {
          "type": "renderModule",
          "assetId": "YW1R0xm0jCL",
          "checksum": "c3dddb43e1377c53612a2d5d748bf56f"
        },
        {
          "type": "cssRules",
          "assetId": "YW1R0xm0jCL",
          "checksum": "c3dddb43e1377c53612a2d5d748bf56f"
        },
        {
          "type": "icon",
          "assetId": "JyjhYJngx",
          "checksum": "b5684405ebfcd08f565d93fc3ab9482e"
        },
        {
          "type": "renderModule",
          "assetId": "YBYj9hO4ND",
          "checksum": "229442a0f94bd8b9cc48b2dd398cc121"
        },
        {
          "type": "cssRules",
          "assetId": "YBYj9hO4ND",
          "checksum": "229442a0f94bd8b9cc48b2dd398cc121"
        },
        {
          "assetId": "9W67x2Pynxr9eDxjdLuGCS",
          "type": "projectCss",
          "checksum": "8985e32ecaaa1cc1768b9e7549205fc8"
        },
        {
          "type": "renderModule",
          "assetId": "UOd5qPp-4o",
          "checksum": "d36366c6ace4b06d26c5af85ef3a4011"
        },
        {
          "type": "cssRules",
          "assetId": "UOd5qPp-4o",
          "checksum": "d36366c6ace4b06d26c5af85ef3a4011"
        },
        {
          "type": "renderModule",
          "assetId": "JV46E8AzoY",
          "checksum": "ebd6665c66988ef1238fe4cc144a97ed"
        },
        {
          "type": "cssRules",
          "assetId": "JV46E8AzoY",
          "checksum": "ebd6665c66988ef1238fe4cc144a97ed"
        },
        {
          "type": "renderModule",
          "assetId": "HkaU6j4gbuD",
          "checksum": "550df9e41b80e217a5de4772906dc7d1"
        },
        {
          "type": "cssRules",
          "assetId": "HkaU6j4gbuD",
          "checksum": "550df9e41b80e217a5de4772906dc7d1"
        }
      ],
      "codegenVersion": "0.0.1"
    }
  ],
  "cliVersion": "0.1.167"
}
