{
  "projects": [
    {
      "projectId": "seaQhLVS4bbjiGvJJrRwyL",
      "version": "15.0.3",
      "dependencies": {},
      "lang": "js",
      "fileLocks": [
        {
          "assetId": "seaQhLVS4bbjiGvJJrRwyL",
          "type": "projectCss",
          "checksum": "9345b883752a1b7fa88c203f6bc63740"
        }
      ],
      "codegenVersion": "0.0.1"
    },
    {
      "projectId": "9W67x2Pynxr9eDxjdLuGCS",
      "version": "latest",
      "dependencies": {
        "seaQhLVS4bbjiGvJJrRwyL": "15.0.3"
      },
      "lang": "js",
      "fileLocks": [
        {
          "type": "globalVariant",
          "assetId": "KCIfFDxm3xN2",
          "checksum": "f43339f9603e45697b4fbc4145b2c298"
        },
        {
          "type": "renderModule",
          "assetId": "OS9jnRN5y9p",
          "checksum": "5a50852580f552b9cde41d729eaf4acf"
        },
        {
          "type": "cssRules",
          "assetId": "OS9jnRN5y9p",
          "checksum": "5a50852580f552b9cde41d729eaf4acf"
        },
        {
          "type": "renderModule",
          "assetId": "mCxPr8fs96V",
          "checksum": "5092d29aefd6ba7033d4af41c6a5d407"
        },
        {
          "type": "cssRules",
          "assetId": "mCxPr8fs96V",
          "checksum": "5092d29aefd6ba7033d4af41c6a5d407"
        },
        {
          "type": "renderModule",
          "assetId": "R265Q5ctgGy",
          "checksum": "916b6341f80fab488984a5fe8b27f2cf"
        },
        {
          "type": "cssRules",
          "assetId": "R265Q5ctgGy",
          "checksum": "916b6341f80fab488984a5fe8b27f2cf"
        },
        {
          "type": "renderModule",
          "assetId": "15TtZ6Zo0vI",
          "checksum": "bb1016fa5c524f7d2019d60cc9d8bbe5"
        },
        {
          "type": "cssRules",
          "assetId": "15TtZ6Zo0vI",
          "checksum": "bb1016fa5c524f7d2019d60cc9d8bbe5"
        },
        {
          "type": "renderModule",
          "assetId": "VxyCfCXPu8O",
          "checksum": "12bec505f78780b4d874d4e750ac5123"
        },
        {
          "type": "cssRules",
          "assetId": "VxyCfCXPu8O",
          "checksum": "12bec505f78780b4d874d4e750ac5123"
        },
        {
          "type": "renderModule",
          "assetId": "EjLZdJRjcnq",
          "checksum": "38508f50ead3b23ce3c320c528265cda"
        },
        {
          "type": "cssRules",
          "assetId": "EjLZdJRjcnq",
          "checksum": "38508f50ead3b23ce3c320c528265cda"
        },
        {
          "type": "renderModule",
          "assetId": "UHonw5mKes0b",
          "checksum": "2010b4d88d7ff24f8b701ce09b8feec5"
        },
        {
          "type": "cssRules",
          "assetId": "UHonw5mKes0b",
          "checksum": "2010b4d88d7ff24f8b701ce09b8feec5"
        },
        {
          "type": "renderModule",
          "assetId": "TFmTsDcivu2W",
          "checksum": "228a8c1d44f4ffb95ec218ced4ca85b4"
        },
        {
          "type": "cssRules",
          "assetId": "TFmTsDcivu2W",
          "checksum": "228a8c1d44f4ffb95ec218ced4ca85b4"
        },
        {
          "type": "renderModule",
          "assetId": "6sPp355nJZ-s",
          "checksum": "5f2ece09a36dbcb301ab28aa8b872413"
        },
        {
          "type": "cssRules",
          "assetId": "6sPp355nJZ-s",
          "checksum": "5f2ece09a36dbcb301ab28aa8b872413"
        },
        {
          "type": "renderModule",
          "assetId": "drjN8EGN7rE8",
          "checksum": "823d69079bdf8a40f6a06d8fc31f3f26"
        },
        {
          "type": "cssRules",
          "assetId": "drjN8EGN7rE8",
          "checksum": "823d69079bdf8a40f6a06d8fc31f3f26"
        },
        {
          "type": "renderModule",
          "assetId": "oNrTx8m4mKP0",
          "checksum": "868d366be66c9cce542998a3283a8844"
        },
        {
          "type": "cssRules",
          "assetId": "oNrTx8m4mKP0",
          "checksum": "868d366be66c9cce542998a3283a8844"
        },
        {
          "type": "renderModule",
          "assetId": "r8ItMn1I9Rr2",
          "checksum": "e9580d1fdfa8cef22866db625998816c"
        },
        {
          "type": "cssRules",
          "assetId": "r8ItMn1I9Rr2",
          "checksum": "e9580d1fdfa8cef22866db625998816c"
        },
        {
          "type": "renderModule",
          "assetId": "uvD0OplvXorD",
          "checksum": "296777bd5f75a24f98dda402bdc7a895"
        },
        {
          "type": "cssRules",
          "assetId": "uvD0OplvXorD",
          "checksum": "296777bd5f75a24f98dda402bdc7a895"
        },
        {
          "type": "renderModule",
          "assetId": "TeEenYh07CLQ",
          "checksum": "28cd11f4f45f412b31a0367cf530e3f9"
        },
        {
          "type": "cssRules",
          "assetId": "TeEenYh07CLQ",
          "checksum": "28cd11f4f45f412b31a0367cf530e3f9"
        },
        {
          "type": "renderModule",
          "assetId": "jRx1E81mYCIy",
          "checksum": "20a69f7e47f7fdcf8f25aa7b15a0e8d4"
        },
        {
          "type": "cssRules",
          "assetId": "jRx1E81mYCIy",
          "checksum": "20a69f7e47f7fdcf8f25aa7b15a0e8d4"
        },
        {
          "type": "renderModule",
          "assetId": "b5fDbSitrgRQ",
          "checksum": "ac2809a8f886863defb2f435cd329157"
        },
        {
          "type": "cssRules",
          "assetId": "b5fDbSitrgRQ",
          "checksum": "ac2809a8f886863defb2f435cd329157"
        },
        {
          "type": "icon",
          "assetId": "VeC2uT8KWQf7",
          "checksum": "7ac04e77505e3d2da8456c8ee2b5ed38"
        },
        {
          "type": "icon",
          "assetId": "BmWl-acuNUPO",
          "checksum": "475531528afa98fbf90ef4301fa53877"
        },
        {
          "type": "icon",
          "assetId": "X4N2ic5_a6uK",
          "checksum": "a4345163bbc1e999a5ffe1fb748753a9"
        },
        {
          "type": "icon",
          "assetId": "e-w90-wSkVN4",
          "checksum": "764aec894bf3401343b7a33e77455eab"
        },
        {
          "type": "icon",
          "assetId": "ajsvomRNRyt5",
          "checksum": "c279f042d682cd541e3f5cc92808a273"
        },
        {
          "type": "icon",
          "assetId": "USYMyhdSTJUj",
          "checksum": "a371fc57422c66a6981e571843f0beed"
        },
        {
          "type": "icon",
          "assetId": "jl9a2ljkZbUL",
          "checksum": "7313335d5943e62de9624b2118ba9da7"
        },
        {
          "type": "icon",
          "assetId": "Xf4uM7tBiZpx",
          "checksum": "0ed445ad946adbed2179e403a47a2ef3"
        },
        {
          "type": "icon",
          "assetId": "V4XdJsnZ7qfj",
          "checksum": "1fba21bdfddc5a96b488c1d592df43a3"
        },
        {
          "type": "icon",
          "assetId": "D8AvO2dnCPR-",
          "checksum": "0394274f6f6eca629314f29630e2ec5e"
        },
        {
          "type": "icon",
          "assetId": "cpTTWtRk9MQp",
          "checksum": "c334658c39fca6a33cd28bcfb6bd9c4d"
        },
        {
          "type": "icon",
          "assetId": "wNCM0uukZ7kZ",
          "checksum": "533621d429fbb0a38e1813834fa13bd8"
        },
        {
          "type": "icon",
          "assetId": "ZHIXBU4fRCk2",
          "checksum": "f2e8f7e81a3134635ec1be15938437fc"
        },
        {
          "type": "icon",
          "assetId": "F1nfD4e8NqAk",
          "checksum": "c37a3bddd7a27b5b687181ff26d1b5cd"
        },
        {
          "type": "icon",
          "assetId": "k4l-Dm3c3qfC",
          "checksum": "824f89d570b115f8347776ae554af8a9"
        },
        {
          "type": "icon",
          "assetId": "eaPO9-Mdo-JO",
          "checksum": "816d1596ba7ebca00e48f94bc8ccddcc"
        },
        {
          "type": "icon",
          "assetId": "-oVmvg3GfjTc",
          "checksum": "90eae2c73a8e3cc7ca9cc9316b136d91"
        },
        {
          "type": "icon",
          "assetId": "1F_c2O9V7izs",
          "checksum": "7cb6ce8b9af672d55f2a3b452553b75b"
        },
        {
          "type": "icon",
          "assetId": "D8OpIgeDloI1",
          "checksum": "6dbf726e3e84affde10642e4d8691ba2"
        },
        {
          "type": "icon",
          "assetId": "18moJXKn3z0E",
          "checksum": "1afe6ee5fa6516b97500e0c785cfc071"
        },
        {
          "type": "icon",
          "assetId": "s5rl-jfrVJ0l",
          "checksum": "41108e877801afcf3f98ea69513cabb9"
        },
        {
          "type": "icon",
          "assetId": "gwsBLKJU83VD",
          "checksum": "8507e526ba67b90f68d9508b67d562b5"
        },
        {
          "type": "image",
          "assetId": "eXbLkdPrwvcR",
          "checksum": "278dea5426c65c12ce8d32cd7230b28b"
        },
        {
          "type": "image",
          "assetId": "AFOXwZNk0rkb",
          "checksum": "751f428bdfea8732d38f8f9c374d471b"
        },
        {
          "type": "image",
          "assetId": "3JlxQeiX9I6z",
          "checksum": "6955fc62b03f855b35a604a944f7f98f"
        },
        {
          "type": "image",
          "assetId": "NhotLL9Wt3Jj",
          "checksum": "d2553902504e31eb879032c20392e9fe"
        },
        {
          "type": "renderModule",
          "assetId": "oXrrIsz_4Zs",
          "checksum": "d80cf0f8962453b4fd1535df483f8416"
        },
        {
          "type": "cssRules",
          "assetId": "oXrrIsz_4Zs",
          "checksum": "d80cf0f8962453b4fd1535df483f8416"
        },
        {
          "type": "renderModule",
          "assetId": "lKpLQt4I320",
          "checksum": "7ba8bd8c2440ba1cf1fd07a536b7ae4f"
        },
        {
          "type": "cssRules",
          "assetId": "lKpLQt4I320",
          "checksum": "7ba8bd8c2440ba1cf1fd07a536b7ae4f"
        },
        {
          "type": "image",
          "assetId": "sm8XB1Z5F",
          "checksum": "f953c15d63d224af3b5d20b78bfb3eee"
        },
        {
          "type": "image",
          "assetId": "jhiYEadXl",
          "checksum": "880a7116e7bd34628ade0f7d14de78e3"
        },
        {
          "type": "image",
          "assetId": "9WME3nfXq",
          "checksum": "2e7778bc97f3a62fa9a9605074fb2b34"
        },
        {
          "type": "renderModule",
          "assetId": "IplCmomLYQN",
          "checksum": "edd017fb14049ff601f10a2a935789cb"
        },
        {
          "type": "cssRules",
          "assetId": "IplCmomLYQN",
          "checksum": "edd017fb14049ff601f10a2a935789cb"
        },
        {
          "type": "renderModule",
          "assetId": "JEcFJJ7eQKF",
          "checksum": "7f9160a3f1b41b774fa49f2e2267c4f5"
        },
        {
          "type": "cssRules",
          "assetId": "JEcFJJ7eQKF",
          "checksum": "7f9160a3f1b41b774fa49f2e2267c4f5"
        },
        {
          "type": "renderModule",
          "assetId": "YW1R0xm0jCL",
          "checksum": "999348af43b8d355901ba5313bf20108"
        },
        {
          "type": "cssRules",
          "assetId": "YW1R0xm0jCL",
          "checksum": "999348af43b8d355901ba5313bf20108"
        },
        {
          "type": "icon",
          "assetId": "JyjhYJngx",
          "checksum": "b5684405ebfcd08f565d93fc3ab9482e"
        },
        {
          "type": "renderModule",
          "assetId": "YBYj9hO4ND",
          "checksum": "3239d06ea8bd242c04515df28ef5838f"
        },
        {
          "type": "cssRules",
          "assetId": "YBYj9hO4ND",
          "checksum": "3239d06ea8bd242c04515df28ef5838f"
        },
        {
          "type": "renderModule",
          "assetId": "UOd5qPp-4o",
          "checksum": "4cf22c0c53f0e70d8b9c73db78adb84b"
        },
        {
          "type": "cssRules",
          "assetId": "UOd5qPp-4o",
          "checksum": "4cf22c0c53f0e70d8b9c73db78adb84b"
        },
        {
          "type": "renderModule",
          "assetId": "JV46E8AzoY",
          "checksum": "a2e439612000a6f6e41f540b5bd515e4"
        },
        {
          "type": "cssRules",
          "assetId": "JV46E8AzoY",
          "checksum": "a2e439612000a6f6e41f540b5bd515e4"
        },
        {
          "type": "renderModule",
          "assetId": "HkaU6j4gbuD",
          "checksum": "08c3b28c4410bd17a1a9e871681302ce"
        },
        {
          "type": "cssRules",
          "assetId": "HkaU6j4gbuD",
          "checksum": "08c3b28c4410bd17a1a9e871681302ce"
        },
        {
          "type": "renderModule",
          "assetId": "5ToL9_mxd2X",
          "checksum": "14121212d9298a686631114ca3b280e6"
        },
        {
          "type": "cssRules",
          "assetId": "5ToL9_mxd2X",
          "checksum": "14121212d9298a686631114ca3b280e6"
        },
        {
          "type": "renderModule",
          "assetId": "GnmRy4t8u2",
          "checksum": "668fdb86d14a028a9d421bead9f724e1"
        },
        {
          "type": "cssRules",
          "assetId": "GnmRy4t8u2",
          "checksum": "668fdb86d14a028a9d421bead9f724e1"
        },
        {
          "type": "renderModule",
          "assetId": "19fS4EkQpA",
          "checksum": "1b2b9ce27edd282bb07d2b9e099170e7"
        },
        {
          "type": "cssRules",
          "assetId": "19fS4EkQpA",
          "checksum": "1b2b9ce27edd282bb07d2b9e099170e7"
        },
        {
          "type": "renderModule",
          "assetId": "JzpHFewkf_",
          "checksum": "c189d7eb6a878fd8df3b642373bff72c"
        },
        {
          "type": "cssRules",
          "assetId": "JzpHFewkf_",
          "checksum": "c189d7eb6a878fd8df3b642373bff72c"
        },
        {
          "type": "renderModule",
          "assetId": "IkZLGa9TM-",
          "checksum": "0437871235f53047fecb33c1059ea128"
        },
        {
          "type": "cssRules",
          "assetId": "IkZLGa9TM-",
          "checksum": "0437871235f53047fecb33c1059ea128"
        },
        {
          "type": "renderModule",
          "assetId": "D-IxSyo2D5I",
          "checksum": "2796f0dd574ac1b8f41242100366d283"
        },
        {
          "type": "cssRules",
          "assetId": "D-IxSyo2D5I",
          "checksum": "2796f0dd574ac1b8f41242100366d283"
        },
        {
          "assetId": "9W67x2Pynxr9eDxjdLuGCS",
          "type": "projectCss",
          "checksum": "48446fa7096338fb0afdf6e0b9b3e114"
        }
      ],
      "codegenVersion": "0.0.1"
    }
  ],
  "cliVersion": "0.1.167"
}
