{
  "projects": [
    {
      "projectId": "seaQhLVS4bbjiGvJJrRwyL",
      "version": "15.0.3",
      "dependencies": {},
      "lang": "js",
      "fileLocks": [
        {
          "assetId": "seaQhLVS4bbjiGvJJrRwyL",
          "type": "projectCss",
          "checksum": "9345b883752a1b7fa88c203f6bc63740"
        }
      ],
      "codegenVersion": "0.0.1"
    },
    {
      "projectId": "9W67x2Pynxr9eDxjdLuGCS",
      "version": "latest",
      "dependencies": {
        "seaQhLVS4bbjiGvJJrRwyL": "15.0.3"
      },
      "lang": "js",
      "fileLocks": [
        {
          "type": "globalVariant",
          "assetId": "KCIfFDxm3xN2",
          "checksum": "f43339f9603e45697b4fbc4145b2c298"
        },
        {
          "type": "renderModule",
          "assetId": "OS9jnRN5y9p",
          "checksum": "b59499fe7ace3d090306799748d751d5"
        },
        {
          "type": "cssRules",
          "assetId": "OS9jnRN5y9p",
          "checksum": "b59499fe7ace3d090306799748d751d5"
        },
        {
          "type": "renderModule",
          "assetId": "mCxPr8fs96V",
          "checksum": "57aac4f80ff887d651233fb8ac0bbc5d"
        },
        {
          "type": "cssRules",
          "assetId": "mCxPr8fs96V",
          "checksum": "57aac4f80ff887d651233fb8ac0bbc5d"
        },
        {
          "type": "renderModule",
          "assetId": "R265Q5ctgGy",
          "checksum": "ecb4276f09a2e0e531d13b9a2ad17da4"
        },
        {
          "type": "cssRules",
          "assetId": "R265Q5ctgGy",
          "checksum": "ecb4276f09a2e0e531d13b9a2ad17da4"
        },
        {
          "type": "renderModule",
          "assetId": "15TtZ6Zo0vI",
          "checksum": "75747586e5aed64447cad742c31fe34d"
        },
        {
          "type": "cssRules",
          "assetId": "15TtZ6Zo0vI",
          "checksum": "75747586e5aed64447cad742c31fe34d"
        },
        {
          "type": "renderModule",
          "assetId": "VxyCfCXPu8O",
          "checksum": "a9fe5ccbc8cf6c34b61cea57c853be63"
        },
        {
          "type": "cssRules",
          "assetId": "VxyCfCXPu8O",
          "checksum": "a9fe5ccbc8cf6c34b61cea57c853be63"
        },
        {
          "type": "renderModule",
          "assetId": "EjLZdJRjcnq",
          "checksum": "224e6e74fa76d7936b52c4f3ae830b73"
        },
        {
          "type": "cssRules",
          "assetId": "EjLZdJRjcnq",
          "checksum": "224e6e74fa76d7936b52c4f3ae830b73"
        },
        {
          "type": "renderModule",
          "assetId": "UHonw5mKes0b",
          "checksum": "269e9ed54d6ac1cda18828986f8141f8"
        },
        {
          "type": "cssRules",
          "assetId": "UHonw5mKes0b",
          "checksum": "269e9ed54d6ac1cda18828986f8141f8"
        },
        {
          "type": "renderModule",
          "assetId": "TFmTsDcivu2W",
          "checksum": "78e342ef0f9bde90f4560f548ae7f784"
        },
        {
          "type": "cssRules",
          "assetId": "TFmTsDcivu2W",
          "checksum": "78e342ef0f9bde90f4560f548ae7f784"
        },
        {
          "type": "renderModule",
          "assetId": "6sPp355nJZ-s",
          "checksum": "c5fe239c4e6b5c12ebdef4298d9c3394"
        },
        {
          "type": "cssRules",
          "assetId": "6sPp355nJZ-s",
          "checksum": "c5fe239c4e6b5c12ebdef4298d9c3394"
        },
        {
          "type": "renderModule",
          "assetId": "drjN8EGN7rE8",
          "checksum": "76d6c5e75d0f8a5d3682511317ece62f"
        },
        {
          "type": "cssRules",
          "assetId": "drjN8EGN7rE8",
          "checksum": "76d6c5e75d0f8a5d3682511317ece62f"
        },
        {
          "type": "renderModule",
          "assetId": "oNrTx8m4mKP0",
          "checksum": "c6b8d9037cc0428260beb900e2f3efae"
        },
        {
          "type": "cssRules",
          "assetId": "oNrTx8m4mKP0",
          "checksum": "c6b8d9037cc0428260beb900e2f3efae"
        },
        {
          "type": "renderModule",
          "assetId": "r8ItMn1I9Rr2",
          "checksum": "4ee2a363e207bfc0aafb74b61e50e056"
        },
        {
          "type": "cssRules",
          "assetId": "r8ItMn1I9Rr2",
          "checksum": "4ee2a363e207bfc0aafb74b61e50e056"
        },
        {
          "type": "renderModule",
          "assetId": "uvD0OplvXorD",
          "checksum": "3ea3162d50eb533afbadcb9de9cee547"
        },
        {
          "type": "cssRules",
          "assetId": "uvD0OplvXorD",
          "checksum": "3ea3162d50eb533afbadcb9de9cee547"
        },
        {
          "type": "renderModule",
          "assetId": "TeEenYh07CLQ",
          "checksum": "e4a25e2d85181beeb8a63ec2050a3cea"
        },
        {
          "type": "cssRules",
          "assetId": "TeEenYh07CLQ",
          "checksum": "e4a25e2d85181beeb8a63ec2050a3cea"
        },
        {
          "type": "renderModule",
          "assetId": "jRx1E81mYCIy",
          "checksum": "a97b0a43eb922dc8adea964162efb1a5"
        },
        {
          "type": "cssRules",
          "assetId": "jRx1E81mYCIy",
          "checksum": "a97b0a43eb922dc8adea964162efb1a5"
        },
        {
          "type": "renderModule",
          "assetId": "b5fDbSitrgRQ",
          "checksum": "0d660d3a88974b7fc584d19fa62b80d1"
        },
        {
          "type": "cssRules",
          "assetId": "b5fDbSitrgRQ",
          "checksum": "0d660d3a88974b7fc584d19fa62b80d1"
        },
        {
          "type": "icon",
          "assetId": "VeC2uT8KWQf7",
          "checksum": "7ac04e77505e3d2da8456c8ee2b5ed38"
        },
        {
          "type": "icon",
          "assetId": "BmWl-acuNUPO",
          "checksum": "475531528afa98fbf90ef4301fa53877"
        },
        {
          "type": "icon",
          "assetId": "X4N2ic5_a6uK",
          "checksum": "a4345163bbc1e999a5ffe1fb748753a9"
        },
        {
          "type": "icon",
          "assetId": "e-w90-wSkVN4",
          "checksum": "764aec894bf3401343b7a33e77455eab"
        },
        {
          "type": "icon",
          "assetId": "ajsvomRNRyt5",
          "checksum": "c279f042d682cd541e3f5cc92808a273"
        },
        {
          "type": "icon",
          "assetId": "USYMyhdSTJUj",
          "checksum": "a371fc57422c66a6981e571843f0beed"
        },
        {
          "type": "icon",
          "assetId": "jl9a2ljkZbUL",
          "checksum": "7313335d5943e62de9624b2118ba9da7"
        },
        {
          "type": "icon",
          "assetId": "Xf4uM7tBiZpx",
          "checksum": "0ed445ad946adbed2179e403a47a2ef3"
        },
        {
          "type": "icon",
          "assetId": "V4XdJsnZ7qfj",
          "checksum": "1fba21bdfddc5a96b488c1d592df43a3"
        },
        {
          "type": "icon",
          "assetId": "D8AvO2dnCPR-",
          "checksum": "0394274f6f6eca629314f29630e2ec5e"
        },
        {
          "type": "icon",
          "assetId": "cpTTWtRk9MQp",
          "checksum": "c334658c39fca6a33cd28bcfb6bd9c4d"
        },
        {
          "type": "icon",
          "assetId": "wNCM0uukZ7kZ",
          "checksum": "533621d429fbb0a38e1813834fa13bd8"
        },
        {
          "type": "icon",
          "assetId": "ZHIXBU4fRCk2",
          "checksum": "f2e8f7e81a3134635ec1be15938437fc"
        },
        {
          "type": "icon",
          "assetId": "F1nfD4e8NqAk",
          "checksum": "c37a3bddd7a27b5b687181ff26d1b5cd"
        },
        {
          "type": "icon",
          "assetId": "k4l-Dm3c3qfC",
          "checksum": "824f89d570b115f8347776ae554af8a9"
        },
        {
          "type": "icon",
          "assetId": "eaPO9-Mdo-JO",
          "checksum": "816d1596ba7ebca00e48f94bc8ccddcc"
        },
        {
          "type": "icon",
          "assetId": "-oVmvg3GfjTc",
          "checksum": "90eae2c73a8e3cc7ca9cc9316b136d91"
        },
        {
          "type": "icon",
          "assetId": "1F_c2O9V7izs",
          "checksum": "7cb6ce8b9af672d55f2a3b452553b75b"
        },
        {
          "type": "icon",
          "assetId": "D8OpIgeDloI1",
          "checksum": "6dbf726e3e84affde10642e4d8691ba2"
        },
        {
          "type": "icon",
          "assetId": "18moJXKn3z0E",
          "checksum": "1afe6ee5fa6516b97500e0c785cfc071"
        },
        {
          "type": "icon",
          "assetId": "s5rl-jfrVJ0l",
          "checksum": "41108e877801afcf3f98ea69513cabb9"
        },
        {
          "type": "icon",
          "assetId": "gwsBLKJU83VD",
          "checksum": "8507e526ba67b90f68d9508b67d562b5"
        },
        {
          "type": "image",
          "assetId": "eXbLkdPrwvcR",
          "checksum": "278dea5426c65c12ce8d32cd7230b28b"
        },
        {
          "type": "image",
          "assetId": "AFOXwZNk0rkb",
          "checksum": "751f428bdfea8732d38f8f9c374d471b"
        },
        {
          "type": "image",
          "assetId": "3JlxQeiX9I6z",
          "checksum": "6955fc62b03f855b35a604a944f7f98f"
        },
        {
          "type": "image",
          "assetId": "NhotLL9Wt3Jj",
          "checksum": "d2553902504e31eb879032c20392e9fe"
        },
        {
          "type": "renderModule",
          "assetId": "oXrrIsz_4Zs",
          "checksum": "8e28dd7dfb7b924603b7cc0f99478171"
        },
        {
          "type": "cssRules",
          "assetId": "oXrrIsz_4Zs",
          "checksum": "8e28dd7dfb7b924603b7cc0f99478171"
        },
        {
          "type": "renderModule",
          "assetId": "lKpLQt4I320",
          "checksum": "9f5ae58d7bfce8e9c4fb210bf612cecc"
        },
        {
          "type": "cssRules",
          "assetId": "lKpLQt4I320",
          "checksum": "9f5ae58d7bfce8e9c4fb210bf612cecc"
        },
        {
          "type": "image",
          "assetId": "sm8XB1Z5F",
          "checksum": "f953c15d63d224af3b5d20b78bfb3eee"
        },
        {
          "type": "image",
          "assetId": "jhiYEadXl",
          "checksum": "880a7116e7bd34628ade0f7d14de78e3"
        },
        {
          "type": "image",
          "assetId": "9WME3nfXq",
          "checksum": "2e7778bc97f3a62fa9a9605074fb2b34"
        },
        {
          "type": "renderModule",
          "assetId": "IplCmomLYQN",
          "checksum": "3df910ee8d5289b2f7f1264862ffc1af"
        },
        {
          "type": "cssRules",
          "assetId": "IplCmomLYQN",
          "checksum": "3df910ee8d5289b2f7f1264862ffc1af"
        },
        {
          "type": "renderModule",
          "assetId": "JEcFJJ7eQKF",
          "checksum": "d45666ad0f01470f4bbeb7448d206a07"
        },
        {
          "type": "cssRules",
          "assetId": "JEcFJJ7eQKF",
          "checksum": "d45666ad0f01470f4bbeb7448d206a07"
        },
        {
          "type": "renderModule",
          "assetId": "YW1R0xm0jCL",
          "checksum": "efa4bb1939b2ebce738218f30ba8ec97"
        },
        {
          "type": "cssRules",
          "assetId": "YW1R0xm0jCL",
          "checksum": "efa4bb1939b2ebce738218f30ba8ec97"
        },
        {
          "type": "icon",
          "assetId": "JyjhYJngx",
          "checksum": "b5684405ebfcd08f565d93fc3ab9482e"
        },
        {
          "type": "renderModule",
          "assetId": "YBYj9hO4ND",
          "checksum": "0f309164d54eb2e362dffcf6eeb62325"
        },
        {
          "type": "cssRules",
          "assetId": "YBYj9hO4ND",
          "checksum": "0f309164d54eb2e362dffcf6eeb62325"
        },
        {
          "assetId": "9W67x2Pynxr9eDxjdLuGCS",
          "type": "projectCss",
          "checksum": "1928d2d2abe52a1e86a9cbb47492c09f"
        }
      ],
      "codegenVersion": "0.0.1"
    }
  ],
  "cliVersion": "0.1.167"
}
